{
  "version": 4,
  "terraform_version": "0.14.9",
  "serial": 13,
  "lineage": "ecd6ef2b-510b-2560-cb76-702b25f4fa23",
  "outputs": {
    "ip": {
      "value": "35.247.2.79",
      "type": "string"
    }
  },
  "resources": [
    {
      "mode": "managed",
      "type": "google_compute_firewall",
      "name": "default",
      "provider": "provider[\"registry.terraform.io/hashicorp/google\"]",
      "instances": [
        {
          "schema_version": 1,
          "attributes": {
            "allow": [
              {
                "ports": [
                  "5000"
                ],
                "protocol": "tcp"
              }
            ],
            "creation_timestamp": "2021-03-26T08:11:02.651-07:00",
            "deny": [],
            "description": "",
            "destination_ranges": [],
            "direction": "INGRESS",
            "disabled": false,
            "enable_logging": null,
            "id": "projects/gcloud-pet/global/firewalls/flask-app-firewall",
            "log_config": [],
            "name": "flask-app-firewall",
            "network": "https://www.googleapis.com/compute/v1/projects/gcloud-pet/global/networks/default",
            "priority": 1000,
            "project": "gcloud-pet",
            "self_link": "https://www.googleapis.com/compute/v1/projects/gcloud-pet/global/firewalls/flask-app-firewall",
            "source_ranges": [
              "0.0.0.0/0"
            ],
            "source_service_accounts": [],
            "source_tags": [],
            "target_service_accounts": [],
            "target_tags": [],
            "timeouts": null
          },
          "sensitive_attributes": [],
          "private": "eyJlMmJmYjczMC1lY2FhLTExZTYtOGY4OC0zNDM2M2JjN2M0YzAiOnsiY3JlYXRlIjoyNDAwMDAwMDAwMDAsImRlbGV0ZSI6MjQwMDAwMDAwMDAwLCJ1cGRhdGUiOjI0MDAwMDAwMDAwMH0sInNjaGVtYV92ZXJzaW9uIjoiMSJ9"
        }
      ]
    },
    {
      "mode": "managed",
      "type": "google_compute_instance",
      "name": "default",
      "provider": "provider[\"registry.terraform.io/hashicorp/google\"]",
      "instances": [
        {
          "schema_version": 6,
          "attributes": {
            "allow_stopping_for_update": null,
            "attached_disk": [],
            "boot_disk": [
              {
                "auto_delete": true,
                "device_name": "persistent-disk-0",
                "disk_encryption_key_raw": "",
                "disk_encryption_key_sha256": "",
                "initialize_params": [
                  {
                    "image": "https://www.googleapis.com/compute/v1/projects/debian-cloud/global/images/debian-9-stretch-v20210316",
                    "labels": {},
                    "size": 10,
                    "type": "pd-standard"
                  }
                ],
                "kms_key_self_link": "",
                "mode": "READ_WRITE",
                "source": "https://www.googleapis.com/compute/v1/projects/gcloud-pet/zones/us-west1-a/disks/flask-vm-3791c8197e6a115a"
              }
            ],
            "can_ip_forward": false,
            "confidential_instance_config": [],
            "cpu_platform": "Intel Broadwell",
            "current_status": "RUNNING",
            "deletion_protection": false,
            "description": "",
            "desired_status": null,
            "enable_display": false,
            "guest_accelerator": [],
            "hostname": "",
            "id": "projects/gcloud-pet/zones/us-west1-a/instances/flask-vm-3791c8197e6a115a",
            "instance_id": "7579382649344509183",
            "label_fingerprint": "42WmSpB8rSM=",
            "labels": {},
            "machine_type": "f1-micro",
            "metadata": {
              "ssh-keys": "ppolu:ssh-rsa AAAAB3NzaC1yc2EAAAADAQABAAABgQDswnbBiIHrXjHlijbADIVK/k8fIbPpV4qkwSGwvqhK+GzTKtkmG5yNJGtjfR9hCZp54/k9IjecMOcjWFC8hiWRmEXvXtyD6RqgqAUMPUIKUVVgBGK0/EbRF765vC48c1jCG2ruzEFMbnH90AIfjI52VVFTMWHJqa+avlmKv0sAMnMy44uyu8GLn+bxxJa6mzXOSucH0+RmAJRqXtXLSufPY3Puuxw7Te3z8IGzeYQKDSR9avJkGWAQIWfUk6V+CkbSizn+sZVjEU2qM60a8p5B5vNB/HkKac3zEWuuX0fxBClO+xb6TKEZmZX4C2JPkvfs3m4VE/jQ0RhedtUSAIGLcdT+U/0HeosH9BIIq5FFOjEvVQNQiQaWumq7YB2LEBSimd28NeHHFaLzMoh/Y7pfEA2VIbhzzt/mJIdL17rsQxmol3OXduxtuYdOML3UpQ/AyvfJdQc9YV+ZJ8ITV546CIdOFFkDswmIy5invgTZx8GKBybbmbrxwGD4DkfzrJc= ppolu@5CD04958JN\n"
            },
            "metadata_fingerprint": "bNlWsU-ZAys=",
            "metadata_startup_script": "sudo apt-get update; sudo apt-get install -yq build-essential python-pip python3 python3-dev python3-venv rsync; pip install --upgrade pip; pip install -r requirements.txt; python app.py",
            "min_cpu_platform": "",
            "name": "flask-vm-3791c8197e6a115a",
            "network_interface": [
              {
                "access_config": [
                  {
                    "nat_ip": "35.247.2.79",
                    "network_tier": "PREMIUM",
                    "public_ptr_domain_name": ""
                  }
                ],
                "alias_ip_range": [],
                "name": "nic0",
                "network": "https://www.googleapis.com/compute/v1/projects/gcloud-pet/global/networks/default",
                "network_ip": "10.138.0.4",
                "nic_type": "",
                "subnetwork": "https://www.googleapis.com/compute/v1/projects/gcloud-pet/regions/us-west1/subnetworks/default",
                "subnetwork_project": "gcloud-pet"
              }
            ],
            "project": "gcloud-pet",
            "resource_policies": [],
            "scheduling": [
              {
                "automatic_restart": true,
                "min_node_cpus": 0,
                "node_affinities": [],
                "on_host_maintenance": "MIGRATE",
                "preemptible": false
              }
            ],
            "scratch_disk": [],
            "self_link": "https://www.googleapis.com/compute/v1/projects/gcloud-pet/zones/us-west1-a/instances/flask-vm-3791c8197e6a115a",
            "service_account": [],
            "shielded_instance_config": [],
            "tags": [],
            "tags_fingerprint": "42WmSpB8rSM=",
            "timeouts": null,
            "zone": "us-west1-a"
          },
          "sensitive_attributes": [],
          "private": "eyJlMmJmYjczMC1lY2FhLTExZTYtOGY4OC0zNDM2M2JjN2M0YzAiOnsiY3JlYXRlIjoxMjAwMDAwMDAwMDAwLCJkZWxldGUiOjEyMDAwMDAwMDAwMDAsInVwZGF0ZSI6MTIwMDAwMDAwMDAwMH0sInNjaGVtYV92ZXJzaW9uIjoiNiJ9",
          "dependencies": [
            "random_id.instance_id"
          ]
        }
      ]
    },
    {
      "mode": "managed",
      "type": "random_id",
      "name": "instance_id",
      "provider": "provider[\"registry.terraform.io/hashicorp/random\"]",
      "instances": [
        {
          "schema_version": 0,
          "attributes": {
            "b64_std": "N5HIGX5qEVo=",
            "b64_url": "N5HIGX5qEVo",
            "byte_length": 8,
            "dec": "4004201555529699674",
            "hex": "3791c8197e6a115a",
            "id": "N5HIGX5qEVo",
            "keepers": null,
            "prefix": null
          },
          "sensitive_attributes": [],
          "private": "bnVsbA=="
        }
      ]
    }
  ]
}
